
Microsoft Visual Studio Solution File, Format Version 12.00
# Visual Studio 15
VisualStudioVersion = 15.0.26124.0
MinimumVisualStudioVersion = 15.0.26124.0
Project("{FAE04EC0-301F-11D3-BF4B-00C04F79EFBC}") = "Kangoro.Core", "Kangoro.Core\Kangoro.Core.csproj", "{51386BE4-FEA5-4AA4-9726-E10D2F6FA114}"
EndProject
Project("{FAE04EC0-301F-11D3-BF4B-00C04F79EFBC}") = "Kangoro.Core.Test", "Kangoro.Core.Test\Kangoro.Core.Test.csproj", "{761C518D-F8F8-4647-A15A-37DE11D71804}"
EndProject
Global
	GlobalSection(SolutionConfigurationPlatforms) = preSolution
		Debug|Any CPU = Debug|Any CPU
		Debug|x64 = Debug|x64
		Debug|x86 = Debug|x86
		Release|Any CPU = Release|Any CPU
		Release|x64 = Release|x64
		Release|x86 = Release|x86
	EndGlobalSection
	GlobalSection(SolutionProperties) = preSolution
		HideSolutionNode = FALSE
	EndGlobalSection
	GlobalSection(ProjectConfigurationPlatforms) = postSolution
		{51386BE4-FEA5-4AA4-9726-E10D2F6FA114}.Debug|Any CPU.ActiveCfg = Debug|Any CPU
		{51386BE4-FEA5-4AA4-9726-E10D2F6FA114}.Debug|Any CPU.Build.0 = Debug|Any CPU
		{51386BE4-FEA5-4AA4-9726-E10D2F6FA114}.Debug|x64.ActiveCfg = Debug|Any CPU
		{51386BE4-FEA5-4AA4-9726-E10D2F6FA114}.Debug|x64.Build.0 = Debug|Any CPU
		{51386BE4-FEA5-4AA4-9726-E10D2F6FA114}.Debug|x86.ActiveCfg = Debug|Any CPU
		{51386BE4-FEA5-4AA4-9726-E10D2F6FA114}.Debug|x86.Build.0 = Debug|Any CPU
		{51386BE4-FEA5-4AA4-9726-E10D2F6FA114}.Release|Any CPU.ActiveCfg = Release|Any CPU
		{51386BE4-FEA5-4AA4-9726-E10D2F6FA114}.Release|Any CPU.Build.0 = Release|Any CPU
		{51386BE4-FEA5-4AA4-9726-E10D2F6FA114}.Release|x64.ActiveCfg = Release|Any CPU
		{51386BE4-FEA5-4AA4-9726-E10D2F6FA114}.Release|x64.Build.0 = Release|Any CPU
		{51386BE4-FEA5-4AA4-9726-E10D2F6FA114}.Release|x86.ActiveCfg = Release|Any CPU
		{51386BE4-FEA5-4AA4-9726-E10D2F6FA114}.Release|x86.Build.0 = Release|Any CPU
		{761C518D-F8F8-4647-A15A-37DE11D71804}.Debug|Any CPU.ActiveCfg = Debug|Any CPU
		{761C518D-F8F8-4647-A15A-37DE11D71804}.Debug|Any CPU.Build.0 = Debug|Any CPU
		{761C518D-F8F8-4647-A15A-37DE11D71804}.Debug|x64.ActiveCfg = Debug|Any CPU
		{761C518D-F8F8-4647-A15A-37DE11D71804}.Debug|x64.Build.0 = Debug|Any CPU
		{761C518D-F8F8-4647-A15A-37DE11D71804}.Debug|x86.ActiveCfg = Debug|Any CPU
		{761C518D-F8F8-4647-A15A-37DE11D71804}.Debug|x86.Build.0 = Debug|Any CPU
		{761C518D-F8F8-4647-A15A-37DE11D71804}.Release|Any CPU.ActiveCfg = Release|Any CPU
		{761C518D-F8F8-4647-A15A-37DE11D71804}.Release|Any CPU.Build.0 = Release|Any CPU
		{761C518D-F8F8-4647-A15A-37DE11D71804}.Release|x64.ActiveCfg = Release|Any CPU
		{761C518D-F8F8-4647-A15A-37DE11D71804}.Release|x64.Build.0 = Release|Any CPU
		{761C518D-F8F8-4647-A15A-37DE11D71804}.Release|x86.ActiveCfg = Release|Any CPU
		{761C518D-F8F8-4647-A15A-37DE11D71804}.Release|x86.Build.0 = Release|Any CPU
	EndGlobalSection
EndGlobal
